
Microsoft Visual Studio Solution File, Format Version 12.00
# Visual Studio Version 16
VisualStudioVersion = 16.0.31025.194
MinimumVisualStudioVersion = 10.0.40219.1
Project("{888888A0-9F3D-457C-B088-3A5042F75D52}") = "Ellas_Design", "Ellas_Design.pyproj", "{A93A9E45-5AC4-4AF4-BDBB-1433951F7B4F}"
EndProject
Global
	GlobalSection(SolutionConfigurationPlatforms) = preSolution
		Debug|Any CPU = Debug|Any CPU
		Release|Any CPU = Release|Any CPU
	EndGlobalSection
	GlobalSection(ProjectConfigurationPlatforms) = postSolution
		{A93A9E45-5AC4-4AF4-BDBB-1433951F7B4F}.Debug|Any CPU.ActiveCfg = Debug|Any CPU
		{A93A9E45-5AC4-4AF4-BDBB-1433951F7B4F}.Debug|Any CPU.Build.0 = Debug|Any CPU
		{A93A9E45-5AC4-4AF4-BDBB-1433951F7B4F}.Release|Any CPU.ActiveCfg = Release|Any CPU
		{A93A9E45-5AC4-4AF4-BDBB-1433951F7B4F}.Release|Any CPU.Build.0 = Release|Any CPU
	EndGlobalSection
	GlobalSection(SolutionProperties) = preSolution
		HideSolutionNode = FALSE
	EndGlobalSection
	GlobalSection(ExtensibilityGlobals) = postSolution
		SolutionGuid = {891AC004-7068-48F5-857B-0B7B01CD0D21}
	EndGlobalSection
EndGlobal
